
Microsoft Visual Studio Solution File, Format Version 11.00
# Visual Studio 2010
Project("{FAE04EC0-301F-11D3-BF4B-00C04F79EFBC}") = "Лаба 13", "Assembly-CSharp-firstpass.csproj", "{8218EADD-D262-26A1-15E6-91CCF2D7C8E7}"
EndProject
Project("{FAE04EC0-301F-11D3-BF4B-00C04F79EFBC}") = "Лаба 13", "Assembly-CSharp.csproj", "{BCBB53B1-405B-ABDC-48BF-6DDB5D90EFDD}"
EndProject
Project("{FAE04EC0-301F-11D3-BF4B-00C04F79EFBC}") = "Лаба 13", "Assembly-CSharp-Editor-firstpass.csproj", "{35A92630-9554-8879-1728-978465697BE2}"
EndProject
Global
	GlobalSection(SolutionConfigurationPlatforms) = preSolution
		Debug|Any CPU = Debug|Any CPU
		Release|Any CPU = Release|Any CPU
	EndGlobalSection
	GlobalSection(ProjectConfigurationPlatforms) = postSolution
		{8218EADD-D262-26A1-15E6-91CCF2D7C8E7}.Debug|Any CPU.ActiveCfg = Debug|Any CPU
		{8218EADD-D262-26A1-15E6-91CCF2D7C8E7}.Debug|Any CPU.Build.0 = Debug|Any CPU
		{8218EADD-D262-26A1-15E6-91CCF2D7C8E7}.Release|Any CPU.ActiveCfg = Release|Any CPU
		{8218EADD-D262-26A1-15E6-91CCF2D7C8E7}.Release|Any CPU.Build.0 = Release|Any CPU
		{BCBB53B1-405B-ABDC-48BF-6DDB5D90EFDD}.Debug|Any CPU.ActiveCfg = Debug|Any CPU
		{BCBB53B1-405B-ABDC-48BF-6DDB5D90EFDD}.Debug|Any CPU.Build.0 = Debug|Any CPU
		{BCBB53B1-405B-ABDC-48BF-6DDB5D90EFDD}.Release|Any CPU.ActiveCfg = Release|Any CPU
		{BCBB53B1-405B-ABDC-48BF-6DDB5D90EFDD}.Release|Any CPU.Build.0 = Release|Any CPU
		{35A92630-9554-8879-1728-978465697BE2}.Debug|Any CPU.ActiveCfg = Debug|Any CPU
		{35A92630-9554-8879-1728-978465697BE2}.Debug|Any CPU.Build.0 = Debug|Any CPU
		{35A92630-9554-8879-1728-978465697BE2}.Release|Any CPU.ActiveCfg = Release|Any CPU
		{35A92630-9554-8879-1728-978465697BE2}.Release|Any CPU.Build.0 = Release|Any CPU
	EndGlobalSection
	GlobalSection(SolutionProperties) = preSolution
		HideSolutionNode = FALSE
	EndGlobalSection
	GlobalSection(MonoDevelopProperties) = preSolution
		StartupItem = Assembly-CSharp.csproj
	EndGlobalSection
EndGlobal
