
Microsoft Visual Studio Solution File, Format Version 12.00
# Visual Studio 15
Project("{FAE04EC0-301F-11D3-BF4B-00C04F79EFBC}") = "lab14.Plugins", "lab14.Plugins.csproj", "{260EE991-E7CF-0D53-1DD1-81E5F9571589}"
EndProject
Project("{FAE04EC0-301F-11D3-BF4B-00C04F79EFBC}") = "lab14", "lab14.csproj", "{72C41DD2-FABE-ACCB-E7E2-DE8C1E5A3301}"
EndProject
Project("{FAE04EC0-301F-11D3-BF4B-00C04F79EFBC}") = "lab14.Editor.Plugins", "lab14.Editor.Plugins.csproj", "{EF532C4C-435A-B43F-550C-66EB15E3A59F}"
EndProject
Global
	GlobalSection(SolutionConfigurationPlatforms) = preSolution
		Debug|Any CPU = Debug|Any CPU
		Release|Any CPU = Release|Any CPU
	EndGlobalSection
	GlobalSection(ProjectConfigurationPlatforms) = postSolution
		{260EE991-E7CF-0D53-1DD1-81E5F9571589}.Debug|Any CPU.ActiveCfg = Debug|Any CPU
		{260EE991-E7CF-0D53-1DD1-81E5F9571589}.Debug|Any CPU.Build.0 = Debug|Any CPU
		{260EE991-E7CF-0D53-1DD1-81E5F9571589}.Release|Any CPU.ActiveCfg = Release|Any CPU
		{260EE991-E7CF-0D53-1DD1-81E5F9571589}.Release|Any CPU.Build.0 = Release|Any CPU
		{72C41DD2-FABE-ACCB-E7E2-DE8C1E5A3301}.Debug|Any CPU.ActiveCfg = Debug|Any CPU
		{72C41DD2-FABE-ACCB-E7E2-DE8C1E5A3301}.Debug|Any CPU.Build.0 = Debug|Any CPU
		{72C41DD2-FABE-ACCB-E7E2-DE8C1E5A3301}.Release|Any CPU.ActiveCfg = Release|Any CPU
		{72C41DD2-FABE-ACCB-E7E2-DE8C1E5A3301}.Release|Any CPU.Build.0 = Release|Any CPU
		{EF532C4C-435A-B43F-550C-66EB15E3A59F}.Debug|Any CPU.ActiveCfg = Debug|Any CPU
		{EF532C4C-435A-B43F-550C-66EB15E3A59F}.Debug|Any CPU.Build.0 = Debug|Any CPU
		{EF532C4C-435A-B43F-550C-66EB15E3A59F}.Release|Any CPU.ActiveCfg = Release|Any CPU
		{EF532C4C-435A-B43F-550C-66EB15E3A59F}.Release|Any CPU.Build.0 = Release|Any CPU
	EndGlobalSection
	GlobalSection(SolutionProperties) = preSolution
		HideSolutionNode = FALSE
	EndGlobalSection
EndGlobal
